
Microsoft Visual Studio Solution File, Format Version 12.00
# Visual Studio Version 17
VisualStudioVersion = 17.13.35931.197 d17.13
MinimumVisualStudioVersion = 10.0.40219.1
Project("{FAE04EC0-301F-11D3-BF4B-00C04F79EFBC}") = "N3DStudio", "N3DStudio\N3DStudio.csproj", "{7C00308C-91E0-4248-A312-6BC8796BFB55}"
EndProject
Global
	GlobalSection(SolutionConfigurationPlatforms) = preSolution
		Debug|Any CPU = Debug|Any CPU
		Release|Any CPU = Release|Any CPU
	EndGlobalSection
	GlobalSection(ProjectConfigurationPlatforms) = postSolution
		{7C00308C-91E0-4248-A312-6BC8796BFB55}.Debug|Any CPU.ActiveCfg = Debug|Any CPU
		{7C00308C-91E0-4248-A312-6BC8796BFB55}.Debug|Any CPU.Build.0 = Debug|Any CPU
		{7C00308C-91E0-4248-A312-6BC8796BFB55}.Release|Any CPU.ActiveCfg = Release|Any CPU
		{7C00308C-91E0-4248-A312-6BC8796BFB55}.Release|Any CPU.Build.0 = Release|Any CPU
	EndGlobalSection
	GlobalSection(SolutionProperties) = preSolution
		HideSolutionNode = FALSE
	EndGlobalSection
	GlobalSection(ExtensibilityGlobals) = postSolution
		SolutionGuid = {8A7B1892-E23A-42BD-A631-12A571F8B4A5}
	EndGlobalSection
EndGlobal
